
Microsoft Visual Studio Solution File, Format Version 12.00
# Visual Studio Version 16
VisualStudioVersion = 16.0.29613.14
MinimumVisualStudioVersion = 10.0.40219.1
Project("{FAE04EC0-301F-11D3-BF4B-00C04F79EFBC}") = "Edura", "Edura\Edura.csproj", "{0773F2D1-4545-422C-A7C4-26E20A06CA4B}"
EndProject
Global
	GlobalSection(SolutionConfigurationPlatforms) = preSolution
		Debug|Any CPU = Debug|Any CPU
		Release|Any CPU = Release|Any CPU
	EndGlobalSection
	GlobalSection(ProjectConfigurationPlatforms) = postSolution
		{0773F2D1-4545-422C-A7C4-26E20A06CA4B}.Debug|Any CPU.ActiveCfg = Debug|Any CPU
		{0773F2D1-4545-422C-A7C4-26E20A06CA4B}.Debug|Any CPU.Build.0 = Debug|Any CPU
		{0773F2D1-4545-422C-A7C4-26E20A06CA4B}.Release|Any CPU.ActiveCfg = Release|Any CPU
		{0773F2D1-4545-422C-A7C4-26E20A06CA4B}.Release|Any CPU.Build.0 = Release|Any CPU
	EndGlobalSection
	GlobalSection(SolutionProperties) = preSolution
		HideSolutionNode = FALSE
	EndGlobalSection
	GlobalSection(ExtensibilityGlobals) = postSolution
		SolutionGuid = {AC0BA999-9A9D-455F-9F3A-268879FC26E6}
	EndGlobalSection
EndGlobal
